# THIS IS AN AUTOGENERATED FILE. DO NOT EDIT THIS FILE DIRECTLY.
# yarn lockfile v1


esbuild-plugin-wasm@^1.0.0:
  version "1.0.0"
  resolved "https://registry.npmjs.org/esbuild-plugin-wasm/-/esbuild-plugin-wasm-1.0.0.tgz#4ca95ac4ae553331d2b0099223f8713a49b6cff2"
  integrity sha512-iXIf3hwfqorExG66/eNr3U8JakIZuge70nMNQtinvxbzdljQ/RjvwaBiGPqF/DvuIumUApbe3zj2kqHLVyc7uQ==

esbuild@^0.12.15:
  version "0.12.15"
  resolved "https://registry.npmjs.org/esbuild/-/esbuild-0.12.15.tgz#9d99cf39aeb2188265c5983e983e236829f08af0"
  integrity sha512-72V4JNd2+48eOVCXx49xoSWHgC3/cCy96e7mbXKY+WOWghN00cCmlGnwVLRhRHorvv0dgCyuMYBZlM2xDM5OQw==
